
Microsoft Visual Studio Solution File, Format Version 12.00
# Visual Studio Version 16
VisualStudioVersion = 16.0.29613.14
MinimumVisualStudioVersion = 10.0.40219.1
Project("{FAE04EC0-301F-11D3-BF4B-00C04F79EFBC}") = "HttpGateway.Base", "Gateway.Base\HttpGateway.Base.csproj", "{90E8E8B7-C93D-43C8-92B7-A956C207A3A4}"
EndProject
Global
	GlobalSection(SolutionConfigurationPlatforms) = preSolution
		Debug|Any CPU = Debug|Any CPU
		Release|Any CPU = Release|Any CPU
	EndGlobalSection
	GlobalSection(ProjectConfigurationPlatforms) = postSolution
		{90E8E8B7-C93D-43C8-92B7-A956C207A3A4}.Debug|Any CPU.ActiveCfg = Debug|Any CPU
		{90E8E8B7-C93D-43C8-92B7-A956C207A3A4}.Debug|Any CPU.Build.0 = Debug|Any CPU
		{90E8E8B7-C93D-43C8-92B7-A956C207A3A4}.Release|Any CPU.ActiveCfg = Release|Any CPU
		{90E8E8B7-C93D-43C8-92B7-A956C207A3A4}.Release|Any CPU.Build.0 = Release|Any CPU
	EndGlobalSection
	GlobalSection(SolutionProperties) = preSolution
		HideSolutionNode = FALSE
	EndGlobalSection
	GlobalSection(ExtensibilityGlobals) = postSolution
		SolutionGuid = {DCAB79C3-FB72-4F44-A08F-79AE5F6A3393}
	EndGlobalSection
EndGlobal
